{
  "name": "game_web",
  "version": "1.0.0",
  "lockfileVersion": 2,
  "requires": true,
  "packages": {
    "": {
      "name": "game_web",
      "version": "1.0.0",
      "license": "ISC",
      "workspaces": [
        "shared"
      ]
    },
    "node_modules/shared": {
      "resolved": "shared",
      "link": true
    },
    "shared": {
      "version": "1.0.0",
      "license": "ISC"
    }
  },
  "dependencies": {
    "shared": {
      "version": "file:shared"
    }
  }
}
